{
  "name": "ic-columns",
  "version": "1.0.0",
  "lockfileVersion": 1,
  "requires": true,
  "dependencies": {
    "@sentry/core": {
      "version": "6.12.0",
      "resolved": "https://registry.npmjs.org/@sentry/core/-/core-6.12.0.tgz",
      "integrity": "sha512-mU/zdjlzFHzdXDZCPZm8OeCw7c9xsbL49Mq0TrY0KJjLt4CJBkiq5SDTGfRsenBLgTedYhe5Z/J8Z+xVVq+MfQ==",
      "requires": {
        "@sentry/hub": "6.12.0",
        "@sentry/minimal": "6.12.0",
        "@sentry/types": "6.12.0",
        "@sentry/utils": "6.12.0",
        "tslib": "^1.9.3"
      }
    },
    "@sentry/hub": {
      "version": "6.12.0",
      "resolved": "https://registry.npmjs.org/@sentry/hub/-/hub-6.12.0.tgz",
      "integrity": "sha512-yR/UQVU+ukr42bSYpeqvb989SowIXlKBanU0cqLFDmv5LPCnaQB8PGeXwJAwWhQgx44PARhmB82S6Xor8gYNxg==",
      "requires": {
        "@sentry/types": "6.12.0",
        "@sentry/utils": "6.12.0",
        "tslib": "^1.9.3"
      }
    },
    "@sentry/minimal": {
      "version": "6.12.0",
      "resolved": "https://registry.npmjs.org/@sentry/minimal/-/minimal-6.12.0.tgz",
      "integrity": "sha512-r3C54Q1KN+xIqUvcgX9DlcoWE7ezWvFk2pSu1Ojx9De81hVqR9u5T3sdSAP2Xma+um0zr6coOtDJG4WtYlOtsw==",
      "requires": {
        "@sentry/hub": "6.12.0",
        "@sentry/types": "6.12.0",
        "tslib": "^1.9.3"
      }
    },
    "@sentry/node": {
      "version": "6.12.0",
      "resolved": "https://registry.npmjs.org/@sentry/node/-/node-6.12.0.tgz",
      "integrity": "sha512-hfAU3cX5sNWgqyDQBCOIQOZj21l0w1z2dG4MjmrMMHKrQ18pfMaaOtEwRXMCdjTUlwsK+L3TOoUB23lbezmu1A==",
      "requires": {
        "@sentry/core": "6.12.0",
        "@sentry/hub": "6.12.0",
        "@sentry/tracing": "6.12.0",
        "@sentry/types": "6.12.0",
        "@sentry/utils": "6.12.0",
        "cookie": "^0.4.1",
        "https-proxy-agent": "^5.0.0",
        "lru_map": "^0.3.3",
        "tslib": "^1.9.3"
      }
    },
    "@sentry/tracing": {
      "version": "6.12.0",
      "resolved": "https://registry.npmjs.org/@sentry/tracing/-/tracing-6.12.0.tgz",
      "integrity": "sha512-u10QHNknPBzbWSUUNMkvuH53sQd5NaBo6YdNPj4p5b7sE7445Sh0PwBpRbY3ZiUUiwyxV59fx9UQ4yVnPGxZQA==",
      "requires": {
        "@sentry/hub": "6.12.0",
        "@sentry/minimal": "6.12.0",
        "@sentry/types": "6.12.0",
        "@sentry/utils": "6.12.0",
        "tslib": "^1.9.3"
      }
    },
    "@sentry/types": {
      "version": "6.12.0",
      "resolved": "https://registry.npmjs.org/@sentry/types/-/types-6.12.0.tgz",
      "integrity": "sha512-urtgLzE4EDMAYQHYdkgC0Ei9QvLajodK1ntg71bGn0Pm84QUpaqpPDfHRU+i6jLeteyC7kWwa5O5W1m/jrjGXA=="
    },
    "@sentry/utils": {
      "version": "6.12.0",
      "resolved": "https://registry.npmjs.org/@sentry/utils/-/utils-6.12.0.tgz",
      "integrity": "sha512-oRHQ7TH5TSsJqoP9Gqq25Jvn9LKexXfAh/OoKwjMhYCGKGhqpDNUIZVgl9DWsGw5A5N5xnQyLOxDfyRV5RshdA==",
      "requires": {
        "@sentry/types": "6.12.0",
        "tslib": "^1.9.3"
      }
    },
    "agent-base": {
      "version": "6.0.2",
      "resolved": "https://registry.npmjs.org/agent-base/-/agent-base-6.0.2.tgz",
      "integrity": "sha512-RZNwNclF7+MS/8bDg70amg32dyeZGZxiDuQmZxKLAlQjr3jGyLx+4Kkk58UO7D2QdgFIQCovuSuZESne6RG6XQ==",
      "requires": {
        "debug": "4"
      }
    },
    "cookie": {
      "version": "0.4.1",
      "resolved": "https://registry.npmjs.org/cookie/-/cookie-0.4.1.tgz",
      "integrity": "sha512-ZwrFkGJxUR3EIoXtO+yVE69Eb7KlixbaeAWfBQB9vVsNn/o+Yw69gBWSSDK825hQNdN+wF8zELf3dFNl/kxkUA=="
    },
    "debug": {
      "version": "4.3.2",
      "resolved": "https://registry.npmjs.org/debug/-/debug-4.3.2.tgz",
      "integrity": "sha512-mOp8wKcvj7XxC78zLgw/ZA+6TSgkoE2C/ienthhRD298T7UNwAg9diBpLRxC0mOezLl4B0xV7M0cCO6P/O0Xhw==",
      "requires": {
        "ms": "2.1.2"
      }
    },
    "https-proxy-agent": {
      "version": "5.0.0",
      "resolved": "https://registry.npmjs.org/https-proxy-agent/-/https-proxy-agent-5.0.0.tgz",
      "integrity": "sha512-EkYm5BcKUGiduxzSt3Eppko+PiNWNEpa4ySk9vTC6wDsQJW9rHSa+UhGNJoRYp7bz6Ht1eaRIa6QaJqO5rCFbA==",
      "requires": {
        "agent-base": "6",
        "debug": "4"
      }
    },
    "lru_map": {
      "version": "0.3.3",
      "resolved": "https://registry.npmjs.org/lru_map/-/lru_map-0.3.3.tgz",
      "integrity": "sha1-tcg1G5Rky9dQM1p5ZQoOwOVhGN0="
    },
    "ms": {
      "version": "2.1.2",
      "resolved": "https://registry.npmjs.org/ms/-/ms-2.1.2.tgz",
      "integrity": "sha512-sGkPx+VjMtmA6MX27oA4FBFELFCZZ4S4XqeGOXCv68tT+jb3vk/RyaKWP0PTKyWtmLSM0b+adUTEvbs1PEaH2w=="
    },
    "tslib": {
      "version": "1.14.1",
      "resolved": "https://registry.npmjs.org/tslib/-/tslib-1.14.1.tgz",
      "integrity": "sha512-Xni35NKzjgMrwevysHTCArtLDpPvye8zV/0E4EyYn43P7/7qvQwPh9BGkHewbMulVntbigmcT7rdX3BNo9wRJg=="
    }
  }
}
