{
  "name": "rfid-tester",
  "version": "1.0.0",
  "lockfileVersion": 1,
  "requires": true,
  "dependencies": {
    "@sentry/core": {
      "version": "6.10.0",
      "resolved": "https://registry.npmjs.org/@sentry/core/-/core-6.10.0.tgz",
      "integrity": "sha512-5KlxHJlbD7AMo+b9pMGkjxUOfMILtsqCtGgI7DMvZNfEkdohO8QgUY+hPqr540kmwArFS91ipQYWhqzGaOhM3Q==",
      "requires": {
        "@sentry/hub": "6.10.0",
        "@sentry/minimal": "6.10.0",
        "@sentry/types": "6.10.0",
        "@sentry/utils": "6.10.0",
        "tslib": "^1.9.3"
      }
    },
    "@sentry/hub": {
      "version": "6.10.0",
      "resolved": "https://registry.npmjs.org/@sentry/hub/-/hub-6.10.0.tgz",
      "integrity": "sha512-MV8wjhWiFAXZAhmj7Ef5QdBr2IF93u8xXiIo2J+dRZ7eVa4/ZszoUiDbhUcl/TPxczaw4oW2a6tINBNFLzXiig==",
      "requires": {
        "@sentry/types": "6.10.0",
        "@sentry/utils": "6.10.0",
        "tslib": "^1.9.3"
      }
    },
    "@sentry/minimal": {
      "version": "6.10.0",
      "resolved": "https://registry.npmjs.org/@sentry/minimal/-/minimal-6.10.0.tgz",
      "integrity": "sha512-yarm046UgUFIBoxqnBan2+BEgaO9KZCrLzsIsmALiQvpfW92K1lHurSawl5W6SR7wCYBnNn7CPvPE/BHFdy4YA==",
      "requires": {
        "@sentry/hub": "6.10.0",
        "@sentry/types": "6.10.0",
        "tslib": "^1.9.3"
      }
    },
    "@sentry/node": {
      "version": "6.10.0",
      "resolved": "https://registry.npmjs.org/@sentry/node/-/node-6.10.0.tgz",
      "integrity": "sha512-buGmOjsTnxebHSfa3r/rhpjDk8xmrILG4xslTgV1C2JpbUtf96QnYNNydfsfAGcZrLWO0gid/wigxsx1fdXT8A==",
      "requires": {
        "@sentry/core": "6.10.0",
        "@sentry/hub": "6.10.0",
        "@sentry/tracing": "6.10.0",
        "@sentry/types": "6.10.0",
        "@sentry/utils": "6.10.0",
        "cookie": "^0.4.1",
        "https-proxy-agent": "^5.0.0",
        "lru_map": "^0.3.3",
        "tslib": "^1.9.3"
      }
    },
    "@sentry/tracing": {
      "version": "6.10.0",
      "resolved": "https://registry.npmjs.org/@sentry/tracing/-/tracing-6.10.0.tgz",
      "integrity": "sha512-jZj6Aaf8kU5wgyNXbAJHosHn8OOFdK14lgwYPb/AIDsY35g9a9ncTOqIOBp8X3KkmSR8lcBzAEyiUzCxAis2jA==",
      "requires": {
        "@sentry/hub": "6.10.0",
        "@sentry/minimal": "6.10.0",
        "@sentry/types": "6.10.0",
        "@sentry/utils": "6.10.0",
        "tslib": "^1.9.3"
      }
    },
    "@sentry/types": {
      "version": "6.10.0",
      "resolved": "https://registry.npmjs.org/@sentry/types/-/types-6.10.0.tgz",
      "integrity": "sha512-M7s0JFgG7/6/yNVYoPUbxzaXDhnzyIQYRRJJKRaTD77YO4MHvi4Ke8alBWqD5fer0cPIfcSkBqa9BLdqRqcMWw=="
    },
    "@sentry/utils": {
      "version": "6.10.0",
      "resolved": "https://registry.npmjs.org/@sentry/utils/-/utils-6.10.0.tgz",
      "integrity": "sha512-F9OczOcZMFtazYVZ6LfRIe65/eOfQbiAedIKS0li4npuMz0jKYRbxrjd/U7oLiNQkPAp4/BujU4m1ZIwq6a+tg==",
      "requires": {
        "@sentry/types": "6.10.0",
        "tslib": "^1.9.3"
      }
    },
    "agent-base": {
      "version": "6.0.2",
      "resolved": "https://registry.npmjs.org/agent-base/-/agent-base-6.0.2.tgz",
      "integrity": "sha512-RZNwNclF7+MS/8bDg70amg32dyeZGZxiDuQmZxKLAlQjr3jGyLx+4Kkk58UO7D2QdgFIQCovuSuZESne6RG6XQ==",
      "requires": {
        "debug": "4"
      }
    },
    "cookie": {
      "version": "0.4.1",
      "resolved": "https://registry.npmjs.org/cookie/-/cookie-0.4.1.tgz",
      "integrity": "sha512-ZwrFkGJxUR3EIoXtO+yVE69Eb7KlixbaeAWfBQB9vVsNn/o+Yw69gBWSSDK825hQNdN+wF8zELf3dFNl/kxkUA=="
    },
    "debug": {
      "version": "4.3.2",
      "resolved": "https://registry.npmjs.org/debug/-/debug-4.3.2.tgz",
      "integrity": "sha512-mOp8wKcvj7XxC78zLgw/ZA+6TSgkoE2C/ienthhRD298T7UNwAg9diBpLRxC0mOezLl4B0xV7M0cCO6P/O0Xhw==",
      "requires": {
        "ms": "2.1.2"
      }
    },
    "https-proxy-agent": {
      "version": "5.0.0",
      "resolved": "https://registry.npmjs.org/https-proxy-agent/-/https-proxy-agent-5.0.0.tgz",
      "integrity": "sha512-EkYm5BcKUGiduxzSt3Eppko+PiNWNEpa4ySk9vTC6wDsQJW9rHSa+UhGNJoRYp7bz6Ht1eaRIa6QaJqO5rCFbA==",
      "requires": {
        "agent-base": "6",
        "debug": "4"
      }
    },
    "lru_map": {
      "version": "0.3.3",
      "resolved": "https://registry.npmjs.org/lru_map/-/lru_map-0.3.3.tgz",
      "integrity": "sha1-tcg1G5Rky9dQM1p5ZQoOwOVhGN0="
    },
    "ms": {
      "version": "2.1.2",
      "resolved": "https://registry.npmjs.org/ms/-/ms-2.1.2.tgz",
      "integrity": "sha512-sGkPx+VjMtmA6MX27oA4FBFELFCZZ4S4XqeGOXCv68tT+jb3vk/RyaKWP0PTKyWtmLSM0b+adUTEvbs1PEaH2w=="
    },
    "tslib": {
      "version": "1.14.1",
      "resolved": "https://registry.npmjs.org/tslib/-/tslib-1.14.1.tgz",
      "integrity": "sha512-Xni35NKzjgMrwevysHTCArtLDpPvye8zV/0E4EyYn43P7/7qvQwPh9BGkHewbMulVntbigmcT7rdX3BNo9wRJg=="
    }
  }
}
